{
  "name": "phase-4-deploying-app-demo",
  "lockfileVersion": 2,
  "requires": true,
  "packages": {
    "": {
      "name": "phase-4-deploying-app-demo",
      "dependencies": {
        "@fortawesome/fontawesome-svg-core": "^6.2.1",
        "@fortawesome/free-solid-svg-icons": "^6.2.1",
        "@fortawesome/react-fontawesome": "^0.2.0",
        "framer-motion": "4.1.17",
        "react-responsive-masonry": "^2.1.7"
      },
      "engines": {
        "node": "16.x"
      }
    },
    "node_modules/@emotion/is-prop-valid": {
      "version": "0.8.8",
      "resolved": "https://registry.npmjs.org/@emotion/is-prop-valid/-/is-prop-valid-0.8.8.tgz",
      "integrity": "sha512-u5WtneEAr5IDG2Wv65yhunPSMLIpuKsbuOktRojfrEiEvRyC85LgPMZI63cr7NUqT8ZIGdSVg8ZKGxIug4lXcA==",
      "optional": true,
      "dependencies": {
        "@emotion/memoize": "0.7.4"
      }
    },
    "node_modules/@emotion/memoize": {
      "version": "0.7.4",
      "resolved": "https://registry.npmjs.org/@emotion/memoize/-/memoize-0.7.4.tgz",
      "integrity": "sha512-Ja/Vfqe3HpuzRsG1oBtWTHk2PGZ7GR+2Vz5iYGelAw8dx32K0y7PjVuxK6z1nMpZOqAFsRUPCkK1YjJ56qJlgw==",
      "optional": true
    },
    "node_modules/@fortawesome/fontawesome-common-types": {
      "version": "6.2.1",
      "resolved": "https://registry.npmjs.org/@fortawesome/fontawesome-common-types/-/fontawesome-common-types-6.2.1.tgz",
      "integrity": "sha512-Sz07mnQrTekFWLz5BMjOzHl/+NooTdW8F8kDQxjWwbpOJcnoSg4vUDng8d/WR1wOxM0O+CY9Zw0nR054riNYtQ==",
      "hasInstallScript": true,
      "engines": {
        "node": ">=6"
      }
    },
    "node_modules/@fortawesome/fontawesome-svg-core": {
      "version": "6.2.1",
      "resolved": "https://registry.npmjs.org/@fortawesome/fontawesome-svg-core/-/fontawesome-svg-core-6.2.1.tgz",
      "integrity": "sha512-HELwwbCz6C1XEcjzyT1Jugmz2NNklMrSPjZOWMlc+ZsHIVk+XOvOXLGGQtFBwSyqfJDNgRq4xBCwWOaZ/d9DEA==",
      "hasInstallScript": true,
      "dependencies": {
        "@fortawesome/fontawesome-common-types": "6.2.1"
      },
      "engines": {
        "node": ">=6"
      }
    },
    "node_modules/@fortawesome/free-solid-svg-icons": {
      "version": "6.2.1",
      "resolved": "https://registry.npmjs.org/@fortawesome/free-solid-svg-icons/-/free-solid-svg-icons-6.2.1.tgz",
      "integrity": "sha512-oKuqrP5jbfEPJWTij4sM+/RvgX+RMFwx3QZCZcK9PrBDgxC35zuc7AOFsyMjMd/PIFPeB2JxyqDr5zs/DZFPPw==",
      "hasInstallScript": true,
      "dependencies": {
        "@fortawesome/fontawesome-common-types": "6.2.1"
      },
      "engines": {
        "node": ">=6"
      }
    },
    "node_modules/@fortawesome/react-fontawesome": {
      "version": "0.2.0",
      "resolved": "https://registry.npmjs.org/@fortawesome/react-fontawesome/-/react-fontawesome-0.2.0.tgz",
      "integrity": "sha512-uHg75Rb/XORTtVt7OS9WoK8uM276Ufi7gCzshVWkUJbHhh3svsUUeqXerrM96Wm7fRiDzfKRwSoahhMIkGAYHw==",
      "dependencies": {
        "prop-types": "^15.8.1"
      },
      "peerDependencies": {
        "@fortawesome/fontawesome-svg-core": "~1 || ~6",
        "react": ">=16.3"
      }
    },
    "node_modules/framer-motion": {
      "version": "4.1.17",
      "resolved": "https://registry.npmjs.org/framer-motion/-/framer-motion-4.1.17.tgz",
      "integrity": "sha512-thx1wvKzblzbs0XaK2X0G1JuwIdARcoNOW7VVwjO8BUltzXPyONGAElLu6CiCScsOQRI7FIk/45YTFtJw5Yozw==",
      "dependencies": {
        "framesync": "5.3.0",
        "hey-listen": "^1.0.8",
        "popmotion": "9.3.6",
        "style-value-types": "4.1.4",
        "tslib": "^2.1.0"
      },
      "optionalDependencies": {
        "@emotion/is-prop-valid": "^0.8.2"
      },
      "peerDependencies": {
        "react": ">=16.8 || ^17.0.0",
        "react-dom": ">=16.8 || ^17.0.0"
      }
    },
    "node_modules/framesync": {
      "version": "5.3.0",
      "resolved": "https://registry.npmjs.org/framesync/-/framesync-5.3.0.tgz",
      "integrity": "sha512-oc5m68HDO/tuK2blj7ZcdEBRx3p1PjrgHazL8GYEpvULhrtGIFbQArN6cQS2QhW8mitffaB+VYzMjDqBxxQeoA==",
      "dependencies": {
        "tslib": "^2.1.0"
      }
    },
    "node_modules/hey-listen": {
      "version": "1.0.8",
      "resolved": "https://registry.npmjs.org/hey-listen/-/hey-listen-1.0.8.tgz",
      "integrity": "sha512-COpmrF2NOg4TBWUJ5UVyaCU2A88wEMkUPK4hNqyCkqHbxT92BbvfjoSozkAIIm6XhicGlJHhFdullInrdhwU8Q=="
    },
    "node_modules/js-tokens": {
      "version": "4.0.0",
      "resolved": "https://registry.npmjs.org/js-tokens/-/js-tokens-4.0.0.tgz",
      "integrity": "sha512-RdJUflcE3cUzKiMqQgsCu06FPu9UdIJO0beYbPhHN4k6apgJtifcoCtT9bcxOpYBtpD2kCM6Sbzg4CausW/PKQ=="
    },
    "node_modules/loose-envify": {
      "version": "1.4.0",
      "resolved": "https://registry.npmjs.org/loose-envify/-/loose-envify-1.4.0.tgz",
      "integrity": "sha512-lyuxPGr/Wfhrlem2CL/UcnUc1zcqKAImBDzukY7Y5F/yQiNdko6+fRLevlw1HgMySw7f611UIY408EtxRSoK3Q==",
      "dependencies": {
        "js-tokens": "^3.0.0 || ^4.0.0"
      },
      "bin": {
        "loose-envify": "cli.js"
      }
    },
    "node_modules/object-assign": {
      "version": "4.1.1",
      "resolved": "https://registry.npmjs.org/object-assign/-/object-assign-4.1.1.tgz",
      "integrity": "sha512-rJgTQnkUnH1sFw8yT6VSU3zD3sWmu6sZhIseY8VX+GRu3P6F7Fu+JNDoXfklElbLJSnc3FUQHVe4cU5hj+BcUg==",
      "engines": {
        "node": ">=0.10.0"
      }
    },
    "node_modules/popmotion": {
      "version": "9.3.6",
      "resolved": "https://registry.npmjs.org/popmotion/-/popmotion-9.3.6.tgz",
      "integrity": "sha512-ZTbXiu6zIggXzIliMi8LGxXBF5ST+wkpXGEjeTUDUOCdSQ356hij/xjeUdv0F8zCQNeqB1+PR5/BB+gC+QLAPw==",
      "dependencies": {
        "framesync": "5.3.0",
        "hey-listen": "^1.0.8",
        "style-value-types": "4.1.4",
        "tslib": "^2.1.0"
      }
    },
    "node_modules/prop-types": {
      "version": "15.8.1",
      "resolved": "https://registry.npmjs.org/prop-types/-/prop-types-15.8.1.tgz",
      "integrity": "sha512-oj87CgZICdulUohogVAR7AjlC0327U4el4L6eAvOqCeudMDVU0NThNaV+b9Df4dXgSP1gXMTnPdhfe/2qDH5cg==",
      "dependencies": {
        "loose-envify": "^1.4.0",
        "object-assign": "^4.1.1",
        "react-is": "^16.13.1"
      }
    },
    "node_modules/react": {
      "version": "18.2.0",
      "resolved": "https://registry.npmjs.org/react/-/react-18.2.0.tgz",
      "integrity": "sha512-/3IjMdb2L9QbBdWiW5e3P2/npwMBaU9mHCSCUzNln0ZCYbcfTsGbTJrU/kGemdH2IWmB2ioZ+zkxtmq6g09fGQ==",
      "peer": true,
      "dependencies": {
        "loose-envify": "^1.1.0"
      },
      "engines": {
        "node": ">=0.10.0"
      }
    },
    "node_modules/react-dom": {
      "version": "18.2.0",
      "resolved": "https://registry.npmjs.org/react-dom/-/react-dom-18.2.0.tgz",
      "integrity": "sha512-6IMTriUmvsjHUjNtEDudZfuDQUoWXVxKHhlEGSk81n4YFS+r/Kl99wXiwlVXtPBtJenozv2P+hxDsw9eA7Xo6g==",
      "peer": true,
      "dependencies": {
        "loose-envify": "^1.1.0",
        "scheduler": "^0.23.0"
      },
      "peerDependencies": {
        "react": "^18.2.0"
      }
    },
    "node_modules/react-is": {
      "version": "16.13.1",
      "resolved": "https://registry.npmjs.org/react-is/-/react-is-16.13.1.tgz",
      "integrity": "sha512-24e6ynE2H+OKt4kqsOvNd8kBpV65zoxbA4BVsEOB3ARVWQki/DHzaUoC5KuON/BiccDaCCTZBuOcfZs70kR8bQ=="
    },
    "node_modules/react-responsive-masonry": {
      "version": "2.1.7",
      "resolved": "https://registry.npmjs.org/react-responsive-masonry/-/react-responsive-masonry-2.1.7.tgz",
      "integrity": "sha512-/jOqnTVNtO8zRJMTl6ZXBex7EFYEIFBLVlkIFjiCT7omfm0CgNF2z4ST8RIr0v2ut15NWAQs7Q3kJJPhMoe3Ew=="
    },
    "node_modules/scheduler": {
      "version": "0.23.0",
      "resolved": "https://registry.npmjs.org/scheduler/-/scheduler-0.23.0.tgz",
      "integrity": "sha512-CtuThmgHNg7zIZWAXi3AsyIzA3n4xx7aNyjwC2VJldO2LMVDhFK+63xGqq6CsJH4rTAt6/M+N4GhZiDYPx9eUw==",
      "peer": true,
      "dependencies": {
        "loose-envify": "^1.1.0"
      }
    },
    "node_modules/style-value-types": {
      "version": "4.1.4",
      "resolved": "https://registry.npmjs.org/style-value-types/-/style-value-types-4.1.4.tgz",
      "integrity": "sha512-LCJL6tB+vPSUoxgUBt9juXIlNJHtBMy8jkXzUJSBzeHWdBu6lhzHqCvLVkXFGsFIlNa2ln1sQHya/gzaFmB2Lg==",
      "dependencies": {
        "hey-listen": "^1.0.8",
        "tslib": "^2.1.0"
      }
    },
    "node_modules/tslib": {
      "version": "2.4.1",
      "resolved": "https://registry.npmjs.org/tslib/-/tslib-2.4.1.tgz",
      "integrity": "sha512-tGyy4dAjRIEwI7BzsB0lynWgOpfqjUdq91XXAlIWD2OwKBH7oCl/GZG/HT4BOHrTlPMOASlMQ7veyTqpmRcrNA=="
    }
  },
  "dependencies": {
    "@emotion/is-prop-valid": {
      "version": "0.8.8",
      "resolved": "https://registry.npmjs.org/@emotion/is-prop-valid/-/is-prop-valid-0.8.8.tgz",
      "integrity": "sha512-u5WtneEAr5IDG2Wv65yhunPSMLIpuKsbuOktRojfrEiEvRyC85LgPMZI63cr7NUqT8ZIGdSVg8ZKGxIug4lXcA==",
      "optional": true,
      "requires": {
        "@emotion/memoize": "0.7.4"
      }
    },
    "@emotion/memoize": {
      "version": "0.7.4",
      "resolved": "https://registry.npmjs.org/@emotion/memoize/-/memoize-0.7.4.tgz",
      "integrity": "sha512-Ja/Vfqe3HpuzRsG1oBtWTHk2PGZ7GR+2Vz5iYGelAw8dx32K0y7PjVuxK6z1nMpZOqAFsRUPCkK1YjJ56qJlgw==",
      "optional": true
    },
    "@fortawesome/fontawesome-common-types": {
      "version": "6.2.1",
      "resolved": "https://registry.npmjs.org/@fortawesome/fontawesome-common-types/-/fontawesome-common-types-6.2.1.tgz",
      "integrity": "sha512-Sz07mnQrTekFWLz5BMjOzHl/+NooTdW8F8kDQxjWwbpOJcnoSg4vUDng8d/WR1wOxM0O+CY9Zw0nR054riNYtQ=="
    },
    "@fortawesome/fontawesome-svg-core": {
      "version": "6.2.1",
      "resolved": "https://registry.npmjs.org/@fortawesome/fontawesome-svg-core/-/fontawesome-svg-core-6.2.1.tgz",
      "integrity": "sha512-HELwwbCz6C1XEcjzyT1Jugmz2NNklMrSPjZOWMlc+ZsHIVk+XOvOXLGGQtFBwSyqfJDNgRq4xBCwWOaZ/d9DEA==",
      "requires": {
        "@fortawesome/fontawesome-common-types": "6.2.1"
      }
    },
    "@fortawesome/free-solid-svg-icons": {
      "version": "6.2.1",
      "resolved": "https://registry.npmjs.org/@fortawesome/free-solid-svg-icons/-/free-solid-svg-icons-6.2.1.tgz",
      "integrity": "sha512-oKuqrP5jbfEPJWTij4sM+/RvgX+RMFwx3QZCZcK9PrBDgxC35zuc7AOFsyMjMd/PIFPeB2JxyqDr5zs/DZFPPw==",
      "requires": {
        "@fortawesome/fontawesome-common-types": "6.2.1"
      }
    },
    "@fortawesome/react-fontawesome": {
      "version": "0.2.0",
      "resolved": "https://registry.npmjs.org/@fortawesome/react-fontawesome/-/react-fontawesome-0.2.0.tgz",
      "integrity": "sha512-uHg75Rb/XORTtVt7OS9WoK8uM276Ufi7gCzshVWkUJbHhh3svsUUeqXerrM96Wm7fRiDzfKRwSoahhMIkGAYHw==",
      "requires": {
        "prop-types": "^15.8.1"
      }
    },
    "framer-motion": {
      "version": "4.1.17",
      "resolved": "https://registry.npmjs.org/framer-motion/-/framer-motion-4.1.17.tgz",
      "integrity": "sha512-thx1wvKzblzbs0XaK2X0G1JuwIdARcoNOW7VVwjO8BUltzXPyONGAElLu6CiCScsOQRI7FIk/45YTFtJw5Yozw==",
      "requires": {
        "@emotion/is-prop-valid": "^0.8.2",
        "framesync": "5.3.0",
        "hey-listen": "^1.0.8",
        "popmotion": "9.3.6",
        "style-value-types": "4.1.4",
        "tslib": "^2.1.0"
      }
    },
    "framesync": {
      "version": "5.3.0",
      "resolved": "https://registry.npmjs.org/framesync/-/framesync-5.3.0.tgz",
      "integrity": "sha512-oc5m68HDO/tuK2blj7ZcdEBRx3p1PjrgHazL8GYEpvULhrtGIFbQArN6cQS2QhW8mitffaB+VYzMjDqBxxQeoA==",
      "requires": {
        "tslib": "^2.1.0"
      }
    },
    "hey-listen": {
      "version": "1.0.8",
      "resolved": "https://registry.npmjs.org/hey-listen/-/hey-listen-1.0.8.tgz",
      "integrity": "sha512-COpmrF2NOg4TBWUJ5UVyaCU2A88wEMkUPK4hNqyCkqHbxT92BbvfjoSozkAIIm6XhicGlJHhFdullInrdhwU8Q=="
    },
    "js-tokens": {
      "version": "4.0.0",
      "resolved": "https://registry.npmjs.org/js-tokens/-/js-tokens-4.0.0.tgz",
      "integrity": "sha512-RdJUflcE3cUzKiMqQgsCu06FPu9UdIJO0beYbPhHN4k6apgJtifcoCtT9bcxOpYBtpD2kCM6Sbzg4CausW/PKQ=="
    },
    "loose-envify": {
      "version": "1.4.0",
      "resolved": "https://registry.npmjs.org/loose-envify/-/loose-envify-1.4.0.tgz",
      "integrity": "sha512-lyuxPGr/Wfhrlem2CL/UcnUc1zcqKAImBDzukY7Y5F/yQiNdko6+fRLevlw1HgMySw7f611UIY408EtxRSoK3Q==",
      "requires": {
        "js-tokens": "^3.0.0 || ^4.0.0"
      }
    },
    "object-assign": {
      "version": "4.1.1",
      "resolved": "https://registry.npmjs.org/object-assign/-/object-assign-4.1.1.tgz",
      "integrity": "sha512-rJgTQnkUnH1sFw8yT6VSU3zD3sWmu6sZhIseY8VX+GRu3P6F7Fu+JNDoXfklElbLJSnc3FUQHVe4cU5hj+BcUg=="
    },
    "popmotion": {
      "version": "9.3.6",
      "resolved": "https://registry.npmjs.org/popmotion/-/popmotion-9.3.6.tgz",
      "integrity": "sha512-ZTbXiu6zIggXzIliMi8LGxXBF5ST+wkpXGEjeTUDUOCdSQ356hij/xjeUdv0F8zCQNeqB1+PR5/BB+gC+QLAPw==",
      "requires": {
        "framesync": "5.3.0",
        "hey-listen": "^1.0.8",
        "style-value-types": "4.1.4",
        "tslib": "^2.1.0"
      }
    },
    "prop-types": {
      "version": "15.8.1",
      "resolved": "https://registry.npmjs.org/prop-types/-/prop-types-15.8.1.tgz",
      "integrity": "sha512-oj87CgZICdulUohogVAR7AjlC0327U4el4L6eAvOqCeudMDVU0NThNaV+b9Df4dXgSP1gXMTnPdhfe/2qDH5cg==",
      "requires": {
        "loose-envify": "^1.4.0",
        "object-assign": "^4.1.1",
        "react-is": "^16.13.1"
      }
    },
    "react": {
      "version": "18.2.0",
      "resolved": "https://registry.npmjs.org/react/-/react-18.2.0.tgz",
      "integrity": "sha512-/3IjMdb2L9QbBdWiW5e3P2/npwMBaU9mHCSCUzNln0ZCYbcfTsGbTJrU/kGemdH2IWmB2ioZ+zkxtmq6g09fGQ==",
      "peer": true,
      "requires": {
        "loose-envify": "^1.1.0"
      }
    },
    "react-dom": {
      "version": "18.2.0",
      "resolved": "https://registry.npmjs.org/react-dom/-/react-dom-18.2.0.tgz",
      "integrity": "sha512-6IMTriUmvsjHUjNtEDudZfuDQUoWXVxKHhlEGSk81n4YFS+r/Kl99wXiwlVXtPBtJenozv2P+hxDsw9eA7Xo6g==",
      "peer": true,
      "requires": {
        "loose-envify": "^1.1.0",
        "scheduler": "^0.23.0"
      }
    },
    "react-is": {
      "version": "16.13.1",
      "resolved": "https://registry.npmjs.org/react-is/-/react-is-16.13.1.tgz",
      "integrity": "sha512-24e6ynE2H+OKt4kqsOvNd8kBpV65zoxbA4BVsEOB3ARVWQki/DHzaUoC5KuON/BiccDaCCTZBuOcfZs70kR8bQ=="
    },
    "react-responsive-masonry": {
      "version": "2.1.7",
      "resolved": "https://registry.npmjs.org/react-responsive-masonry/-/react-responsive-masonry-2.1.7.tgz",
      "integrity": "sha512-/jOqnTVNtO8zRJMTl6ZXBex7EFYEIFBLVlkIFjiCT7omfm0CgNF2z4ST8RIr0v2ut15NWAQs7Q3kJJPhMoe3Ew=="
    },
    "scheduler": {
      "version": "0.23.0",
      "resolved": "https://registry.npmjs.org/scheduler/-/scheduler-0.23.0.tgz",
      "integrity": "sha512-CtuThmgHNg7zIZWAXi3AsyIzA3n4xx7aNyjwC2VJldO2LMVDhFK+63xGqq6CsJH4rTAt6/M+N4GhZiDYPx9eUw==",
      "peer": true,
      "requires": {
        "loose-envify": "^1.1.0"
      }
    },
    "style-value-types": {
      "version": "4.1.4",
      "resolved": "https://registry.npmjs.org/style-value-types/-/style-value-types-4.1.4.tgz",
      "integrity": "sha512-LCJL6tB+vPSUoxgUBt9juXIlNJHtBMy8jkXzUJSBzeHWdBu6lhzHqCvLVkXFGsFIlNa2ln1sQHya/gzaFmB2Lg==",
      "requires": {
        "hey-listen": "^1.0.8",
        "tslib": "^2.1.0"
      }
    },
    "tslib": {
      "version": "2.4.1",
      "resolved": "https://registry.npmjs.org/tslib/-/tslib-2.4.1.tgz",
      "integrity": "sha512-tGyy4dAjRIEwI7BzsB0lynWgOpfqjUdq91XXAlIWD2OwKBH7oCl/GZG/HT4BOHrTlPMOASlMQ7veyTqpmRcrNA=="
    }
  }
}
